// !$*UTF8*$!
{
	archiveVersion = 1;
	classes = {
	};
	objectVersion = 56;
	objects = {

/* Begin PBXBuildFile section */
		1A174CAA2B6BFA8F00B30D7B /* UsersDataView.swift in Sources */ = {isa = PBXBuildFile; fileRef = 1A174CA92B6BFA8F00B30D7B /* UsersDataView.swift */; };
		1A174CAD2B6C091F00B30D7B /* PassportDataViewController.swift in Sources */ = {isa = PBXBuildFile; fileRef = 1A174CAC2B6C091F00B30D7B /* PassportDataViewController.swift */; };
		1A174CAF2B6C093B00B30D7B /* PassportDataView.swift in Sources */ = {isa = PBXBuildFile; fileRef = 1A174CAE2B6C093B00B30D7B /* PassportDataView.swift */; };
		1A174CB22B6C0C8600B30D7B /* PassportDataStackView.swift in Sources */ = {isa = PBXBuildFile; fileRef = 1A174CB12B6C0C8600B30D7B /* PassportDataStackView.swift */; };
		1A174CB42B6C0CA200B30D7B /* CustomStackView.swift in Sources */ = {isa = PBXBuildFile; fileRef = 1A174CB32B6C0CA200B30D7B /* CustomStackView.swift */; };
		1A174CBF2B71198600B30D7B /* RegistationAndPatentViewController.swift in Sources */ = {isa = PBXBuildFile; fileRef = 1A174CBE2B71198600B30D7B /* RegistationAndPatentViewController.swift */; };
		1A174CC12B7119A300B30D7B /* RegistrationAndPatentView.swift in Sources */ = {isa = PBXBuildFile; fileRef = 1A174CC02B7119A300B30D7B /* RegistrationAndPatentView.swift */; };
		1A174CC32B711C8900B30D7B /* RegitrationAndPatentDataSV.swift in Sources */ = {isa = PBXBuildFile; fileRef = 1A174CC22B711C8900B30D7B /* RegitrationAndPatentDataSV.swift */; };
		1A174CC62B7121CB00B30D7B /* ContactDataViewController.swift in Sources */ = {isa = PBXBuildFile; fileRef = 1A174CC52B7121CB00B30D7B /* ContactDataViewController.swift */; };
		1A174CC82B7121E200B30D7B /* ContactDataView.swift in Sources */ = {isa = PBXBuildFile; fileRef = 1A174CC72B7121E200B30D7B /* ContactDataView.swift */; };
		1A174CCB2B7125D600B30D7B /* TicketsView.swift in Sources */ = {isa = PBXBuildFile; fileRef = 1A174CCA2B7125D600B30D7B /* TicketsView.swift */; };
		1A174CCD2B71315700B30D7B /* TransportTypeStackView.swift in Sources */ = {isa = PBXBuildFile; fileRef = 1A174CCC2B71315700B30D7B /* TransportTypeStackView.swift */; };
		1A174CCF2B7139BC00B30D7B /* TicketsViewModel.swift in Sources */ = {isa = PBXBuildFile; fileRef = 1A174CCE2B7139BC00B30D7B /* TicketsViewModel.swift */; };
		1A174CD12B7141E600B30D7B /* DirectionView.swift in Sources */ = {isa = PBXBuildFile; fileRef = 1A174CD02B7141E600B30D7B /* DirectionView.swift */; };
		1A174CD32B71509300B30D7B /* Ticket.swift in Sources */ = {isa = PBXBuildFile; fileRef = 1A174CD22B71509300B30D7B /* Ticket.swift */; };
		1A454D462B5C07520057199F /* AppDelegate.swift in Sources */ = {isa = PBXBuildFile; fileRef = 1A454D452B5C07520057199F /* AppDelegate.swift */; };
		1A454D482B5C07520057199F /* SceneDelegate.swift in Sources */ = {isa = PBXBuildFile; fileRef = 1A454D472B5C07520057199F /* SceneDelegate.swift */; };
		1A454D4F2B5C07530057199F /* Assets.xcassets in Resources */ = {isa = PBXBuildFile; fileRef = 1A454D4E2B5C07530057199F /* Assets.xcassets */; };
		1A454D522B5C07530057199F /* LaunchScreen.storyboard in Resources */ = {isa = PBXBuildFile; fileRef = 1A454D502B5C07530057199F /* LaunchScreen.storyboard */; };
		1A454D5D2B5C07530057199F /* InjirTests.swift in Sources */ = {isa = PBXBuildFile; fileRef = 1A454D5C2B5C07530057199F /* InjirTests.swift */; };
		1A454D672B5C07530057199F /* InjirUITests.swift in Sources */ = {isa = PBXBuildFile; fileRef = 1A454D662B5C07530057199F /* InjirUITests.swift */; };
		1A454D692B5C07530057199F /* InjirUITestsLaunchTests.swift in Sources */ = {isa = PBXBuildFile; fileRef = 1A454D682B5C07530057199F /* InjirUITestsLaunchTests.swift */; };
		1A454D7E2B5C09390057199F /* .gitignore in Resources */ = {isa = PBXBuildFile; fileRef = 1A454D7D2B5C09390057199F /* .gitignore */; };
		1A454D842B5C11F40057199F /* HomeView.swift in Sources */ = {isa = PBXBuildFile; fileRef = 1A454D832B5C11F40057199F /* HomeView.swift */; };
		1A454D872B5C137F0057199F /* SnapKit in Frameworks */ = {isa = PBXBuildFile; productRef = 1A454D862B5C137F0057199F /* SnapKit */; };
		1A454D892B5C13E40057199F /* Resources.swift in Sources */ = {isa = PBXBuildFile; fileRef = 1A454D882B5C13E40057199F /* Resources.swift */; };
		1A454D8C2B5C233A0057199F /* LogInViewController.swift in Sources */ = {isa = PBXBuildFile; fileRef = 1A454D8B2B5C233A0057199F /* LogInViewController.swift */; };
		1A454D8E2B5C27E20057199F /* LogInView.swift in Sources */ = {isa = PBXBuildFile; fileRef = 1A454D8D2B5C27E20057199F /* LogInView.swift */; };
		1A454D902B5C34B60057199F /* UITextField+Ext.swift in Sources */ = {isa = PBXBuildFile; fileRef = 1A454D8F2B5C34B60057199F /* UITextField+Ext.swift */; };
		1A454DD22B5E8AA10057199F /* UIButton+Ext.swift in Sources */ = {isa = PBXBuildFile; fileRef = 1A454DD12B5E8AA10057199F /* UIButton+Ext.swift */; };
		1A454DD52B5E908A0057199F /* RegistrationViewController.swift in Sources */ = {isa = PBXBuildFile; fileRef = 1A454DD42B5E908A0057199F /* RegistrationViewController.swift */; };
		1A454DD72B5E909E0057199F /* RegistrationView.swift in Sources */ = {isa = PBXBuildFile; fileRef = 1A454DD62B5E909E0057199F /* RegistrationView.swift */; };
		1A454DDC2B5FEEE30057199F /* LanguageSelectionViewModel.swift in Sources */ = {isa = PBXBuildFile; fileRef = 1A454DDB2B5FEEE30057199F /* LanguageSelectionViewModel.swift */; };
		1A454DDE2B5FF0E40057199F /* Observable.swift in Sources */ = {isa = PBXBuildFile; fileRef = 1A454DDD2B5FF0E40057199F /* Observable.swift */; };
		1A454DE02B5FF3560057199F /* HomeViewController.swift in Sources */ = {isa = PBXBuildFile; fileRef = 1A454DDF2B5FF3560057199F /* HomeViewController.swift */; };
		1AAEB7DF2B651D6400274454 /* GoogleService-Info.plist in Resources */ = {isa = PBXBuildFile; fileRef = 1AAEB7DE2B651D6400274454 /* GoogleService-Info.plist */; };
		1AAEB7E32B65205300274454 /* MainTabBarViewController.swift in Sources */ = {isa = PBXBuildFile; fileRef = 1AAEB7E22B65205300274454 /* MainTabBarViewController.swift */; };
		1AAEB7E52B6535C900274454 /* RegistrationVC+Alert.swift in Sources */ = {isa = PBXBuildFile; fileRef = 1AAEB7E42B6535C900274454 /* RegistrationVC+Alert.swift */; };
		1AAEB7E92B66572100274454 /* RegistrationViewModel.swift in Sources */ = {isa = PBXBuildFile; fileRef = 1AAEB7E82B66572100274454 /* RegistrationViewModel.swift */; };
		1AAEB7EB2B665FF700274454 /* LogInViewModel.swift in Sources */ = {isa = PBXBuildFile; fileRef = 1AAEB7EA2B665FF700274454 /* LogInViewModel.swift */; };
		1AAEB7F42B69193200274454 /* ProfileViewController.swift in Sources */ = {isa = PBXBuildFile; fileRef = 1AAEB7F32B69193200274454 /* ProfileViewController.swift */; };
		1AAEB7F62B69193E00274454 /* TicketsViewController.swift in Sources */ = {isa = PBXBuildFile; fileRef = 1AAEB7F52B69193E00274454 /* TicketsViewController.swift */; };
		1AAEB7F82B69194700274454 /* NewsViewController.swift in Sources */ = {isa = PBXBuildFile; fileRef = 1AAEB7F72B69194700274454 /* NewsViewController.swift */; };
		1AAEB7FA2B6923EA00274454 /* UIView+Ext.swift in Sources */ = {isa = PBXBuildFile; fileRef = 1AAEB7F92B6923EA00274454 /* UIView+Ext.swift */; };
		1AAEB7FC2B6929B200274454 /* ProfileView.swift in Sources */ = {isa = PBXBuildFile; fileRef = 1AAEB7FB2B6929B200274454 /* ProfileView.swift */; };
		1AAEB8002B6A839E00274454 /* InformationAboutUserView.swift in Sources */ = {isa = PBXBuildFile; fileRef = 1AAEB7FF2B6A839E00274454 /* InformationAboutUserView.swift */; };
		1AAEB8022B6A8E4000274454 /* ProfileViewController+Alert.swift in Sources */ = {isa = PBXBuildFile; fileRef = 1AAEB8012B6A8E4000274454 /* ProfileViewController+Alert.swift */; };
		1AC86ECE2B73E54800A06EA2 /* UsersData.swift in Sources */ = {isa = PBXBuildFile; fileRef = 1AC86ECD2B73E54800A06EA2 /* UsersData.swift */; };
		3E11134DC193831A4319F34C /* Pods_Injir_InjirUITests.framework in Frameworks */ = {isa = PBXBuildFile; fileRef = 38C1D3B690F51DCF1E416226 /* Pods_Injir_InjirUITests.framework */; };
		9A41797E26D28E8D768DB6B2 /* Pods_Injir.framework in Frameworks */ = {isa = PBXBuildFile; fileRef = 633D2AB35EDAAACB3D28D15E /* Pods_Injir.framework */; };
		F166140E626D05F49B6D86A4 /* Pods_InjirTests.framework in Frameworks */ = {isa = PBXBuildFile; fileRef = C419CF574370620EF13BB8A1 /* Pods_InjirTests.framework */; };
/* End PBXBuildFile section */

/* Begin PBXContainerItemProxy section */
		1A454D592B5C07530057199F /* PBXContainerItemProxy */ = {
			isa = PBXContainerItemProxy;
			containerPortal = 1A454D3A2B5C07520057199F /* Project object */;
			proxyType = 1;
			remoteGlobalIDString = 1A454D412B5C07520057199F;
			remoteInfo = Injir;
		};
		1A454D632B5C07530057199F /* PBXContainerItemProxy */ = {
			isa = PBXContainerItemProxy;
			containerPortal = 1A454D3A2B5C07520057199F /* Project object */;
			proxyType = 1;
			remoteGlobalIDString = 1A454D412B5C07520057199F;
			remoteInfo = Injir;
		};
/* End PBXContainerItemProxy section */

/* Begin PBXFileReference section */
		09F24023171166FF383313DF /* Pods-InjirTests.debug.xcconfig */ = {isa = PBXFileReference; includeInIndex = 1; lastKnownFileType = text.xcconfig; name = "Pods-InjirTests.debug.xcconfig"; path = "Target Support Files/Pods-InjirTests/Pods-InjirTests.debug.xcconfig"; sourceTree = "<group>"; };
		0F3917EF49E161E54E5A0803 /* Pods-Injir-InjirUITests.release.xcconfig */ = {isa = PBXFileReference; includeInIndex = 1; lastKnownFileType = text.xcconfig; name = "Pods-Injir-InjirUITests.release.xcconfig"; path = "Target Support Files/Pods-Injir-InjirUITests/Pods-Injir-InjirUITests.release.xcconfig"; sourceTree = "<group>"; };
		1A174CA92B6BFA8F00B30D7B /* UsersDataView.swift */ = {isa = PBXFileReference; lastKnownFileType = sourcecode.swift; path = UsersDataView.swift; sourceTree = "<group>"; };
		1A174CAC2B6C091F00B30D7B /* PassportDataViewController.swift */ = {isa = PBXFileReference; lastKnownFileType = sourcecode.swift; path = PassportDataViewController.swift; sourceTree = "<group>"; };
		1A174CAE2B6C093B00B30D7B /* PassportDataView.swift */ = {isa = PBXFileReference; lastKnownFileType = sourcecode.swift; path = PassportDataView.swift; sourceTree = "<group>"; };
		1A174CB12B6C0C8600B30D7B /* PassportDataStackView.swift */ = {isa = PBXFileReference; lastKnownFileType = sourcecode.swift; path = PassportDataStackView.swift; sourceTree = "<group>"; };
		1A174CB32B6C0CA200B30D7B /* CustomStackView.swift */ = {isa = PBXFileReference; lastKnownFileType = sourcecode.swift; path = CustomStackView.swift; sourceTree = "<group>"; };
		1A174CBE2B71198600B30D7B /* RegistationAndPatentViewController.swift */ = {isa = PBXFileReference; lastKnownFileType = sourcecode.swift; path = RegistationAndPatentViewController.swift; sourceTree = "<group>"; };
		1A174CC02B7119A300B30D7B /* RegistrationAndPatentView.swift */ = {isa = PBXFileReference; lastKnownFileType = sourcecode.swift; path = RegistrationAndPatentView.swift; sourceTree = "<group>"; };
		1A174CC22B711C8900B30D7B /* RegitrationAndPatentDataSV.swift */ = {isa = PBXFileReference; lastKnownFileType = sourcecode.swift; path = RegitrationAndPatentDataSV.swift; sourceTree = "<group>"; };
		1A174CC52B7121CB00B30D7B /* ContactDataViewController.swift */ = {isa = PBXFileReference; lastKnownFileType = sourcecode.swift; path = ContactDataViewController.swift; sourceTree = "<group>"; };
		1A174CC72B7121E200B30D7B /* ContactDataView.swift */ = {isa = PBXFileReference; lastKnownFileType = sourcecode.swift; path = ContactDataView.swift; sourceTree = "<group>"; };
		1A174CCA2B7125D600B30D7B /* TicketsView.swift */ = {isa = PBXFileReference; lastKnownFileType = sourcecode.swift; path = TicketsView.swift; sourceTree = "<group>"; };
		1A174CCC2B71315700B30D7B /* TransportTypeStackView.swift */ = {isa = PBXFileReference; lastKnownFileType = sourcecode.swift; path = TransportTypeStackView.swift; sourceTree = "<group>"; };
		1A174CCE2B7139BC00B30D7B /* TicketsViewModel.swift */ = {isa = PBXFileReference; lastKnownFileType = sourcecode.swift; path = TicketsViewModel.swift; sourceTree = "<group>"; };
		1A174CD02B7141E600B30D7B /* DirectionView.swift */ = {isa = PBXFileReference; lastKnownFileType = sourcecode.swift; path = DirectionView.swift; sourceTree = "<group>"; };
		1A174CD22B71509300B30D7B /* Ticket.swift */ = {isa = PBXFileReference; lastKnownFileType = sourcecode.swift; path = Ticket.swift; sourceTree = "<group>"; };
		1A454D422B5C07520057199F /* Injir.app */ = {isa = PBXFileReference; explicitFileType = wrapper.application; includeInIndex = 0; path = Injir.app; sourceTree = BUILT_PRODUCTS_DIR; };
		1A454D452B5C07520057199F /* AppDelegate.swift */ = {isa = PBXFileReference; lastKnownFileType = sourcecode.swift; path = AppDelegate.swift; sourceTree = "<group>"; };
		1A454D472B5C07520057199F /* SceneDelegate.swift */ = {isa = PBXFileReference; lastKnownFileType = sourcecode.swift; path = SceneDelegate.swift; sourceTree = "<group>"; };
		1A454D4E2B5C07530057199F /* Assets.xcassets */ = {isa = PBXFileReference; lastKnownFileType = folder.assetcatalog; path = Assets.xcassets; sourceTree = "<group>"; };
		1A454D512B5C07530057199F /* Base */ = {isa = PBXFileReference; lastKnownFileType = file.storyboard; name = Base; path = Base.lproj/LaunchScreen.storyboard; sourceTree = "<group>"; };
		1A454D532B5C07530057199F /* Info.plist */ = {isa = PBXFileReference; lastKnownFileType = text.plist.xml; path = Info.plist; sourceTree = "<group>"; };
		1A454D582B5C07530057199F /* InjirTests.xctest */ = {isa = PBXFileReference; explicitFileType = wrapper.cfbundle; includeInIndex = 0; path = InjirTests.xctest; sourceTree = BUILT_PRODUCTS_DIR; };
		1A454D5C2B5C07530057199F /* InjirTests.swift */ = {isa = PBXFileReference; lastKnownFileType = sourcecode.swift; path = InjirTests.swift; sourceTree = "<group>"; };
		1A454D622B5C07530057199F /* InjirUITests.xctest */ = {isa = PBXFileReference; explicitFileType = wrapper.cfbundle; includeInIndex = 0; path = InjirUITests.xctest; sourceTree = BUILT_PRODUCTS_DIR; };
		1A454D662B5C07530057199F /* InjirUITests.swift */ = {isa = PBXFileReference; lastKnownFileType = sourcecode.swift; path = InjirUITests.swift; sourceTree = "<group>"; };
		1A454D682B5C07530057199F /* InjirUITestsLaunchTests.swift */ = {isa = PBXFileReference; lastKnownFileType = sourcecode.swift; path = InjirUITestsLaunchTests.swift; sourceTree = "<group>"; };
		1A454D7D2B5C09390057199F /* .gitignore */ = {isa = PBXFileReference; lastKnownFileType = text; path = .gitignore; sourceTree = "<group>"; };
		1A454D832B5C11F40057199F /* HomeView.swift */ = {isa = PBXFileReference; lastKnownFileType = sourcecode.swift; path = HomeView.swift; sourceTree = "<group>"; };
		1A454D882B5C13E40057199F /* Resources.swift */ = {isa = PBXFileReference; lastKnownFileType = sourcecode.swift; path = Resources.swift; sourceTree = "<group>"; };
		1A454D8B2B5C233A0057199F /* LogInViewController.swift */ = {isa = PBXFileReference; lastKnownFileType = sourcecode.swift; path = LogInViewController.swift; sourceTree = "<group>"; };
		1A454D8D2B5C27E20057199F /* LogInView.swift */ = {isa = PBXFileReference; lastKnownFileType = sourcecode.swift; path = LogInView.swift; sourceTree = "<group>"; };
		1A454D8F2B5C34B60057199F /* UITextField+Ext.swift */ = {isa = PBXFileReference; lastKnownFileType = sourcecode.swift; path = "UITextField+Ext.swift"; sourceTree = "<group>"; };
		1A454DD12B5E8AA10057199F /* UIButton+Ext.swift */ = {isa = PBXFileReference; lastKnownFileType = sourcecode.swift; path = "UIButton+Ext.swift"; sourceTree = "<group>"; };
		1A454DD42B5E908A0057199F /* RegistrationViewController.swift */ = {isa = PBXFileReference; lastKnownFileType = sourcecode.swift; path = RegistrationViewController.swift; sourceTree = "<group>"; };
		1A454DD62B5E909E0057199F /* RegistrationView.swift */ = {isa = PBXFileReference; lastKnownFileType = sourcecode.swift; path = RegistrationView.swift; sourceTree = "<group>"; };
		1A454DDB2B5FEEE30057199F /* LanguageSelectionViewModel.swift */ = {isa = PBXFileReference; lastKnownFileType = sourcecode.swift; path = LanguageSelectionViewModel.swift; sourceTree = "<group>"; };
		1A454DDD2B5FF0E40057199F /* Observable.swift */ = {isa = PBXFileReference; lastKnownFileType = sourcecode.swift; path = Observable.swift; sourceTree = "<group>"; };
		1A454DDF2B5FF3560057199F /* HomeViewController.swift */ = {isa = PBXFileReference; lastKnownFileType = sourcecode.swift; path = HomeViewController.swift; sourceTree = "<group>"; };
		1AAEB7DE2B651D6400274454 /* GoogleService-Info.plist */ = {isa = PBXFileReference; fileEncoding = 4; lastKnownFileType = text.plist.xml; path = "GoogleService-Info.plist"; sourceTree = "<group>"; };
		1AAEB7E22B65205300274454 /* MainTabBarViewController.swift */ = {isa = PBXFileReference; lastKnownFileType = sourcecode.swift; path = MainTabBarViewController.swift; sourceTree = "<group>"; };
		1AAEB7E42B6535C900274454 /* RegistrationVC+Alert.swift */ = {isa = PBXFileReference; lastKnownFileType = sourcecode.swift; path = "RegistrationVC+Alert.swift"; sourceTree = "<group>"; };
		1AAEB7E82B66572100274454 /* RegistrationViewModel.swift */ = {isa = PBXFileReference; lastKnownFileType = sourcecode.swift; path = RegistrationViewModel.swift; sourceTree = "<group>"; };
		1AAEB7EA2B665FF700274454 /* LogInViewModel.swift */ = {isa = PBXFileReference; lastKnownFileType = sourcecode.swift; path = LogInViewModel.swift; sourceTree = "<group>"; };
		1AAEB7F32B69193200274454 /* ProfileViewController.swift */ = {isa = PBXFileReference; lastKnownFileType = sourcecode.swift; path = ProfileViewController.swift; sourceTree = "<group>"; };
		1AAEB7F52B69193E00274454 /* TicketsViewController.swift */ = {isa = PBXFileReference; lastKnownFileType = sourcecode.swift; path = TicketsViewController.swift; sourceTree = "<group>"; };
		1AAEB7F72B69194700274454 /* NewsViewController.swift */ = {isa = PBXFileReference; lastKnownFileType = sourcecode.swift; path = NewsViewController.swift; sourceTree = "<group>"; };
		1AAEB7F92B6923EA00274454 /* UIView+Ext.swift */ = {isa = PBXFileReference; lastKnownFileType = sourcecode.swift; path = "UIView+Ext.swift"; sourceTree = "<group>"; };
		1AAEB7FB2B6929B200274454 /* ProfileView.swift */ = {isa = PBXFileReference; lastKnownFileType = sourcecode.swift; path = ProfileView.swift; sourceTree = "<group>"; };
		1AAEB7FF2B6A839E00274454 /* InformationAboutUserView.swift */ = {isa = PBXFileReference; lastKnownFileType = sourcecode.swift; path = InformationAboutUserView.swift; sourceTree = "<group>"; };
		1AAEB8012B6A8E4000274454 /* ProfileViewController+Alert.swift */ = {isa = PBXFileReference; lastKnownFileType = sourcecode.swift; path = "ProfileViewController+Alert.swift"; sourceTree = "<group>"; };
		1AC86ECD2B73E54800A06EA2 /* UsersData.swift */ = {isa = PBXFileReference; lastKnownFileType = sourcecode.swift; path = UsersData.swift; sourceTree = "<group>"; };
		3416B8B90DC7A1C0F516A7A7 /* Pods-Injir.debug.xcconfig */ = {isa = PBXFileReference; includeInIndex = 1; lastKnownFileType = text.xcconfig; name = "Pods-Injir.debug.xcconfig"; path = "Target Support Files/Pods-Injir/Pods-Injir.debug.xcconfig"; sourceTree = "<group>"; };
		38C1D3B690F51DCF1E416226 /* Pods_Injir_InjirUITests.framework */ = {isa = PBXFileReference; explicitFileType = wrapper.framework; includeInIndex = 0; path = Pods_Injir_InjirUITests.framework; sourceTree = BUILT_PRODUCTS_DIR; };
		5D89192ECC1AA8CDD3D609AE /* Pods-Injir-InjirUITests.debug.xcconfig */ = {isa = PBXFileReference; includeInIndex = 1; lastKnownFileType = text.xcconfig; name = "Pods-Injir-InjirUITests.debug.xcconfig"; path = "Target Support Files/Pods-Injir-InjirUITests/Pods-Injir-InjirUITests.debug.xcconfig"; sourceTree = "<group>"; };
		633D2AB35EDAAACB3D28D15E /* Pods_Injir.framework */ = {isa = PBXFileReference; explicitFileType = wrapper.framework; includeInIndex = 0; path = Pods_Injir.framework; sourceTree = BUILT_PRODUCTS_DIR; };
		94270867AAC77C254EC403EC /* Pods-InjirTests.release.xcconfig */ = {isa = PBXFileReference; includeInIndex = 1; lastKnownFileType = text.xcconfig; name = "Pods-InjirTests.release.xcconfig"; path = "Target Support Files/Pods-InjirTests/Pods-InjirTests.release.xcconfig"; sourceTree = "<group>"; };
		C419CF574370620EF13BB8A1 /* Pods_InjirTests.framework */ = {isa = PBXFileReference; explicitFileType = wrapper.framework; includeInIndex = 0; path = Pods_InjirTests.framework; sourceTree = BUILT_PRODUCTS_DIR; };
		E0DD936A08B741949A73FF6D /* Pods-Injir.release.xcconfig */ = {isa = PBXFileReference; includeInIndex = 1; lastKnownFileType = text.xcconfig; name = "Pods-Injir.release.xcconfig"; path = "Target Support Files/Pods-Injir/Pods-Injir.release.xcconfig"; sourceTree = "<group>"; };
/* End PBXFileReference section */

/* Begin PBXFrameworksBuildPhase section */
		1A454D3F2B5C07520057199F /* Frameworks */ = {
			isa = PBXFrameworksBuildPhase;
			buildActionMask = 2147483647;
			files = (
				1A454D872B5C137F0057199F /* SnapKit in Frameworks */,
				9A41797E26D28E8D768DB6B2 /* Pods_Injir.framework in Frameworks */,
			);
			runOnlyForDeploymentPostprocessing = 0;
		};
		1A454D552B5C07530057199F /* Frameworks */ = {
			isa = PBXFrameworksBuildPhase;
			buildActionMask = 2147483647;
			files = (
				F166140E626D05F49B6D86A4 /* Pods_InjirTests.framework in Frameworks */,
			);
			runOnlyForDeploymentPostprocessing = 0;
		};
		1A454D5F2B5C07530057199F /* Frameworks */ = {
			isa = PBXFrameworksBuildPhase;
			buildActionMask = 2147483647;
			files = (
				3E11134DC193831A4319F34C /* Pods_Injir_InjirUITests.framework in Frameworks */,
			);
			runOnlyForDeploymentPostprocessing = 0;
		};
/* End PBXFrameworksBuildPhase section */

/* Begin PBXGroup section */
		1A174CAB2B6C08FD00B30D7B /* PassportDataViewController */ = {
			isa = PBXGroup;
			children = (
				1A174CB02B6C0C4A00B30D7B /* PassportDataStackView */,
				1A174CAC2B6C091F00B30D7B /* PassportDataViewController.swift */,
				1A174CAE2B6C093B00B30D7B /* PassportDataView.swift */,
			);
			path = PassportDataViewController;
			sourceTree = "<group>";
		};
		1A174CB02B6C0C4A00B30D7B /* PassportDataStackView */ = {
			isa = PBXGroup;
			children = (
				1A174CB12B6C0C8600B30D7B /* PassportDataStackView.swift */,
			);
			path = PassportDataStackView;
			sourceTree = "<group>";
		};
		1A174CBD2B71195100B30D7B /* RegistrationAndPatentViewController */ = {
			isa = PBXGroup;
			children = (
				1A174CBE2B71198600B30D7B /* RegistationAndPatentViewController.swift */,
				1A174CC02B7119A300B30D7B /* RegistrationAndPatentView.swift */,
				1A174CC22B711C8900B30D7B /* RegitrationAndPatentDataSV.swift */,
			);
			path = RegistrationAndPatentViewController;
			sourceTree = "<group>";
		};
		1A174CC42B7121A300B30D7B /* ContactDataViewController */ = {
			isa = PBXGroup;
			children = (
				1A174CC52B7121CB00B30D7B /* ContactDataViewController.swift */,
				1A174CC72B7121E200B30D7B /* ContactDataView.swift */,
			);
			path = ContactDataViewController;
			sourceTree = "<group>";
		};
		1A454D392B5C07520057199F = {
			isa = PBXGroup;
			children = (
				1A454D432B5C07520057199F /* Products */,
				D67524B66045FF5226F971E2 /* Pods */,
				B41098D7952125D9CB66BC71 /* Frameworks */,
				1AAEB7EF2B6910AD00274454 /* Other */,
				1A454D442B5C07520057199F /* Injir */,
			);
			sourceTree = "<group>";
		};
		1A454D432B5C07520057199F /* Products */ = {
			isa = PBXGroup;
			children = (
				1A454D422B5C07520057199F /* Injir.app */,
				1A454D582B5C07530057199F /* InjirTests.xctest */,
				1A454D622B5C07530057199F /* InjirUITests.xctest */,
			);
			name = Products;
			sourceTree = "<group>";
		};
		1A454D442B5C07520057199F /* Injir */ = {
			isa = PBXGroup;
			children = (
				1A454D782B5C07B30057199F /* Model */,
				1A454D762B5C07920057199F /* ViewModel */,
				1A454D752B5C078C0057199F /* View */,
			);
			path = Injir;
			sourceTree = "<group>";
		};
		1A454D5B2B5C07530057199F /* InjirTests */ = {
			isa = PBXGroup;
			children = (
				1A454D5C2B5C07530057199F /* InjirTests.swift */,
			);
			path = InjirTests;
			sourceTree = "<group>";
		};
		1A454D652B5C07530057199F /* InjirUITests */ = {
			isa = PBXGroup;
			children = (
				1A454D662B5C07530057199F /* InjirUITests.swift */,
				1A454D682B5C07530057199F /* InjirUITestsLaunchTests.swift */,
			);
			path = InjirUITests;
			sourceTree = "<group>";
		};
		1A454D752B5C078C0057199F /* View */ = {
			isa = PBXGroup;
			children = (
				1A174CB32B6C0CA200B30D7B /* CustomStackView.swift */,
				1A454D7B2B5C07D40057199F /* Extensions */,
				1A174CC42B7121A300B30D7B /* ContactDataViewController */,
				1A174CBD2B71195100B30D7B /* RegistrationAndPatentViewController */,
				1A174CAB2B6C08FD00B30D7B /* PassportDataViewController */,
				1AAEB7F22B69191900274454 /* ProfileViewController */,
				1AAEB7F12B69190D00274454 /* TicketsViewController */,
				1AAEB7F02B69190100274454 /* NewsViewController */,
				1A454D822B5C11D90057199F /* HomeViewController */,
				1AAEB7E12B65201700274454 /* MainTabBarViewController */,
				1A454DD32B5E90710057199F /* RegistrationViewController */,
				1A454D8A2B5C231A0057199F /* LogInViewController */,
				1A454D502B5C07530057199F /* LaunchScreen.storyboard */,
			);
			path = View;
			sourceTree = "<group>";
		};
		1A454D762B5C07920057199F /* ViewModel */ = {
			isa = PBXGroup;
			children = (
				1A454DDB2B5FEEE30057199F /* LanguageSelectionViewModel.swift */,
				1AAEB7E82B66572100274454 /* RegistrationViewModel.swift */,
				1AAEB7EA2B665FF700274454 /* LogInViewModel.swift */,
				1A174CCE2B7139BC00B30D7B /* TicketsViewModel.swift */,
			);
			path = ViewModel;
			sourceTree = "<group>";
		};
		1A454D782B5C07B30057199F /* Model */ = {
			isa = PBXGroup;
			children = (
				1A454D7F2B5C0F620057199F /* Support */,
				1A454D7C2B5C07DE0057199F /* Networking */,
				1A454D7A2B5C07C30057199F /* Resources */,
				1A454D792B5C07BA0057199F /* Classes */,
			);
			path = Model;
			sourceTree = "<group>";
		};
		1A454D792B5C07BA0057199F /* Classes */ = {
			isa = PBXGroup;
			children = (
				1A174CD22B71509300B30D7B /* Ticket.swift */,
				1A454DDD2B5FF0E40057199F /* Observable.swift */,
				1AC86ECD2B73E54800A06EA2 /* UsersData.swift */,
			);
			path = Classes;
			sourceTree = "<group>";
		};
		1A454D7A2B5C07C30057199F /* Resources */ = {
			isa = PBXGroup;
			children = (
				1A454D4E2B5C07530057199F /* Assets.xcassets */,
				1A454D882B5C13E40057199F /* Resources.swift */,
			);
			path = Resources;
			sourceTree = "<group>";
		};
		1A454D7B2B5C07D40057199F /* Extensions */ = {
			isa = PBXGroup;
			children = (
				1A454D8F2B5C34B60057199F /* UITextField+Ext.swift */,
				1A454DD12B5E8AA10057199F /* UIButton+Ext.swift */,
				1AAEB7F92B6923EA00274454 /* UIView+Ext.swift */,
			);
			path = Extensions;
			sourceTree = "<group>";
		};
		1A454D7C2B5C07DE0057199F /* Networking */ = {
			isa = PBXGroup;
			children = (
			);
			path = Networking;
			sourceTree = "<group>";
		};
		1A454D7F2B5C0F620057199F /* Support */ = {
			isa = PBXGroup;
			children = (
				1AAEB7DE2B651D6400274454 /* GoogleService-Info.plist */,
				1A454D7D2B5C09390057199F /* .gitignore */,
				1A454D532B5C07530057199F /* Info.plist */,
				1A454D452B5C07520057199F /* AppDelegate.swift */,
				1A454D472B5C07520057199F /* SceneDelegate.swift */,
			);
			path = Support;
			sourceTree = "<group>";
		};
		1A454D822B5C11D90057199F /* HomeViewController */ = {
			isa = PBXGroup;
			children = (
				1A454D832B5C11F40057199F /* HomeView.swift */,
				1A454DDF2B5FF3560057199F /* HomeViewController.swift */,
			);
			path = HomeViewController;
			sourceTree = "<group>";
		};
		1A454D8A2B5C231A0057199F /* LogInViewController */ = {
			isa = PBXGroup;
			children = (
				1A454D8D2B5C27E20057199F /* LogInView.swift */,
				1A454D8B2B5C233A0057199F /* LogInViewController.swift */,
			);
			path = LogInViewController;
			sourceTree = "<group>";
		};
		1A454DD32B5E90710057199F /* RegistrationViewController */ = {
			isa = PBXGroup;
			children = (
				1A454DD62B5E909E0057199F /* RegistrationView.swift */,
				1A454DD42B5E908A0057199F /* RegistrationViewController.swift */,
				1AAEB7E42B6535C900274454 /* RegistrationVC+Alert.swift */,
			);
			path = RegistrationViewController;
			sourceTree = "<group>";
		};
		1AAEB7E12B65201700274454 /* MainTabBarViewController */ = {
			isa = PBXGroup;
			children = (
				1AAEB7E22B65205300274454 /* MainTabBarViewController.swift */,
			);
			path = MainTabBarViewController;
			sourceTree = "<group>";
		};
		1AAEB7EF2B6910AD00274454 /* Other */ = {
			isa = PBXGroup;
			children = (
				1A454D5B2B5C07530057199F /* InjirTests */,
				1A454D652B5C07530057199F /* InjirUITests */,
			);
			path = Other;
			sourceTree = "<group>";
		};
		1AAEB7F02B69190100274454 /* NewsViewController */ = {
			isa = PBXGroup;
			children = (
				1AAEB7F72B69194700274454 /* NewsViewController.swift */,
			);
			path = NewsViewController;
			sourceTree = "<group>";
		};
		1AAEB7F12B69190D00274454 /* TicketsViewController */ = {
			isa = PBXGroup;
			children = (
				1AAEB7F52B69193E00274454 /* TicketsViewController.swift */,
				1A174CCA2B7125D600B30D7B /* TicketsView.swift */,
				1A174CCC2B71315700B30D7B /* TransportTypeStackView.swift */,
				1A174CD02B7141E600B30D7B /* DirectionView.swift */,
			);
			path = TicketsViewController;
			sourceTree = "<group>";
		};
		1AAEB7F22B69191900274454 /* ProfileViewController */ = {
			isa = PBXGroup;
			children = (
				1AAEB7F32B69193200274454 /* ProfileViewController.swift */,
				1AAEB8012B6A8E4000274454 /* ProfileViewController+Alert.swift */,
				1AAEB7FB2B6929B200274454 /* ProfileView.swift */,
				1AAEB7FF2B6A839E00274454 /* InformationAboutUserView.swift */,
				1A174CA92B6BFA8F00B30D7B /* UsersDataView.swift */,
			);
			path = ProfileViewController;
			sourceTree = "<group>";
		};
		B41098D7952125D9CB66BC71 /* Frameworks */ = {
			isa = PBXGroup;
			children = (
				633D2AB35EDAAACB3D28D15E /* Pods_Injir.framework */,
				38C1D3B690F51DCF1E416226 /* Pods_Injir_InjirUITests.framework */,
				C419CF574370620EF13BB8A1 /* Pods_InjirTests.framework */,
			);
			name = Frameworks;
			sourceTree = "<group>";
		};
		D67524B66045FF5226F971E2 /* Pods */ = {
			isa = PBXGroup;
			children = (
				3416B8B90DC7A1C0F516A7A7 /* Pods-Injir.debug.xcconfig */,
				E0DD936A08B741949A73FF6D /* Pods-Injir.release.xcconfig */,
				5D89192ECC1AA8CDD3D609AE /* Pods-Injir-InjirUITests.debug.xcconfig */,
				0F3917EF49E161E54E5A0803 /* Pods-Injir-InjirUITests.release.xcconfig */,
				09F24023171166FF383313DF /* Pods-InjirTests.debug.xcconfig */,
				94270867AAC77C254EC403EC /* Pods-InjirTests.release.xcconfig */,
			);
			path = Pods;
			sourceTree = "<group>";
		};
/* End PBXGroup section */

/* Begin PBXNativeTarget section */
		1A454D412B5C07520057199F /* Injir */ = {
			isa = PBXNativeTarget;
			buildConfigurationList = 1A454D6C2B5C07530057199F /* Build configuration list for PBXNativeTarget "Injir" */;
			buildPhases = (
				74B178B35138536B812254EC /* [CP] Check Pods Manifest.lock */,
				1A454D3E2B5C07520057199F /* Sources */,
				1A454D3F2B5C07520057199F /* Frameworks */,
				1A454D402B5C07520057199F /* Resources */,
				AAA55B1E19D93101D2F5319E /* [CP] Embed Pods Frameworks */,
			);
			buildRules = (
			);
			dependencies = (
			);
			name = Injir;
			packageProductDependencies = (
				1A454D862B5C137F0057199F /* SnapKit */,
			);
			productName = Injir;
			productReference = 1A454D422B5C07520057199F /* Injir.app */;
			productType = "com.apple.product-type.application";
		};
		1A454D572B5C07530057199F /* InjirTests */ = {
			isa = PBXNativeTarget;
			buildConfigurationList = 1A454D6F2B5C07530057199F /* Build configuration list for PBXNativeTarget "InjirTests" */;
			buildPhases = (
				C0871EB6FC109BABD13CBB95 /* [CP] Check Pods Manifest.lock */,
				1A454D542B5C07530057199F /* Sources */,
				1A454D552B5C07530057199F /* Frameworks */,
				1A454D562B5C07530057199F /* Resources */,
			);
			buildRules = (
			);
			dependencies = (
				1A454D5A2B5C07530057199F /* PBXTargetDependency */,
			);
			name = InjirTests;
			productName = InjirTests;
			productReference = 1A454D582B5C07530057199F /* InjirTests.xctest */;
			productType = "com.apple.product-type.bundle.unit-test";
		};
		1A454D612B5C07530057199F /* InjirUITests */ = {
			isa = PBXNativeTarget;
			buildConfigurationList = 1A454D722B5C07530057199F /* Build configuration list for PBXNativeTarget "InjirUITests" */;
			buildPhases = (
				EC29C5373A4F6633D5CF56D5 /* [CP] Check Pods Manifest.lock */,
				1A454D5E2B5C07530057199F /* Sources */,
				1A454D5F2B5C07530057199F /* Frameworks */,
				1A454D602B5C07530057199F /* Resources */,
				1F2735B3433EA9219D3B7AD1 /* [CP] Embed Pods Frameworks */,
			);
			buildRules = (
			);
			dependencies = (
				1A454D642B5C07530057199F /* PBXTargetDependency */,
			);
			name = InjirUITests;
			productName = InjirUITests;
			productReference = 1A454D622B5C07530057199F /* InjirUITests.xctest */;
			productType = "com.apple.product-type.bundle.ui-testing";
		};
/* End PBXNativeTarget section */

/* Begin PBXProject section */
		1A454D3A2B5C07520057199F /* Project object */ = {
			isa = PBXProject;
			attributes = {
				BuildIndependentTargetsInParallel = 1;
				LastSwiftUpdateCheck = 1430;
				LastUpgradeCheck = 1430;
				TargetAttributes = {
					1A454D412B5C07520057199F = {
						CreatedOnToolsVersion = 14.3;
					};
					1A454D572B5C07530057199F = {
						CreatedOnToolsVersion = 14.3;
						TestTargetID = 1A454D412B5C07520057199F;
					};
					1A454D612B5C07530057199F = {
						CreatedOnToolsVersion = 14.3;
						TestTargetID = 1A454D412B5C07520057199F;
					};
				};
			};
			buildConfigurationList = 1A454D3D2B5C07520057199F /* Build configuration list for PBXProject "Injir" */;
			compatibilityVersion = "Xcode 14.0";
			developmentRegion = en;
			hasScannedForEncodings = 0;
			knownRegions = (
				en,
				Base,
			);
			mainGroup = 1A454D392B5C07520057199F;
			packageReferences = (
				1A454D852B5C137F0057199F /* XCRemoteSwiftPackageReference "SnapKit" */,
			);
			productRefGroup = 1A454D432B5C07520057199F /* Products */;
			projectDirPath = "";
			projectRoot = "";
			targets = (
				1A454D412B5C07520057199F /* Injir */,
				1A454D572B5C07530057199F /* InjirTests */,
				1A454D612B5C07530057199F /* InjirUITests */,
			);
		};
/* End PBXProject section */

/* Begin PBXResourcesBuildPhase section */
		1A454D402B5C07520057199F /* Resources */ = {
			isa = PBXResourcesBuildPhase;
			buildActionMask = 2147483647;
			files = (
				1A454D7E2B5C09390057199F /* .gitignore in Resources */,
				1AAEB7DF2B651D6400274454 /* GoogleService-Info.plist in Resources */,
				1A454D522B5C07530057199F /* LaunchScreen.storyboard in Resources */,
				1A454D4F2B5C07530057199F /* Assets.xcassets in Resources */,
			);
			runOnlyForDeploymentPostprocessing = 0;
		};
		1A454D562B5C07530057199F /* Resources */ = {
			isa = PBXResourcesBuildPhase;
			buildActionMask = 2147483647;
			files = (
			);
			runOnlyForDeploymentPostprocessing = 0;
		};
		1A454D602B5C07530057199F /* Resources */ = {
			isa = PBXResourcesBuildPhase;
			buildActionMask = 2147483647;
			files = (
			);
			runOnlyForDeploymentPostprocessing = 0;
		};
/* End PBXResourcesBuildPhase section */

/* Begin PBXShellScriptBuildPhase section */
		1F2735B3433EA9219D3B7AD1 /* [CP] Embed Pods Frameworks */ = {
			isa = PBXShellScriptBuildPhase;
			buildActionMask = 2147483647;
			files = (
			);
			inputFileListPaths = (
				"${PODS_ROOT}/Target Support Files/Pods-Injir-InjirUITests/Pods-Injir-InjirUITests-frameworks-${CONFIGURATION}-input-files.xcfilelist",
			);
			name = "[CP] Embed Pods Frameworks";
			outputFileListPaths = (
				"${PODS_ROOT}/Target Support Files/Pods-Injir-InjirUITests/Pods-Injir-InjirUITests-frameworks-${CONFIGURATION}-output-files.xcfilelist",
			);
			runOnlyForDeploymentPostprocessing = 0;
			shellPath = /bin/sh;
			shellScript = "\"${PODS_ROOT}/Target Support Files/Pods-Injir-InjirUITests/Pods-Injir-InjirUITests-frameworks.sh\"\n";
			showEnvVarsInLog = 0;
		};
		74B178B35138536B812254EC /* [CP] Check Pods Manifest.lock */ = {
			isa = PBXShellScriptBuildPhase;
			buildActionMask = 2147483647;
			files = (
			);
			inputFileListPaths = (
			);
			inputPaths = (
				"${PODS_PODFILE_DIR_PATH}/Podfile.lock",
				"${PODS_ROOT}/Manifest.lock",
			);
			name = "[CP] Check Pods Manifest.lock";
			outputFileListPaths = (
			);
			outputPaths = (
				"$(DERIVED_FILE_DIR)/Pods-Injir-checkManifestLockResult.txt",
			);
			runOnlyForDeploymentPostprocessing = 0;
			shellPath = /bin/sh;
			shellScript = "diff \"${PODS_PODFILE_DIR_PATH}/Podfile.lock\" \"${PODS_ROOT}/Manifest.lock\" > /dev/null\nif [ $? != 0 ] ; then\n    # print error to STDERR\n    echo \"error: The sandbox is not in sync with the Podfile.lock. Run 'pod install' or update your CocoaPods installation.\" >&2\n    exit 1\nfi\n# This output is used by Xcode 'outputs' to avoid re-running this script phase.\necho \"SUCCESS\" > \"${SCRIPT_OUTPUT_FILE_0}\"\n";
			showEnvVarsInLog = 0;
		};
		AAA55B1E19D93101D2F5319E /* [CP] Embed Pods Frameworks */ = {
			isa = PBXShellScriptBuildPhase;
			buildActionMask = 2147483647;
			files = (
			);
			inputFileListPaths = (
				"${PODS_ROOT}/Target Support Files/Pods-Injir/Pods-Injir-frameworks-${CONFIGURATION}-input-files.xcfilelist",
			);
			name = "[CP] Embed Pods Frameworks";
			outputFileListPaths = (
				"${PODS_ROOT}/Target Support Files/Pods-Injir/Pods-Injir-frameworks-${CONFIGURATION}-output-files.xcfilelist",
			);
			runOnlyForDeploymentPostprocessing = 0;
			shellPath = /bin/sh;
			shellScript = "\"${PODS_ROOT}/Target Support Files/Pods-Injir/Pods-Injir-frameworks.sh\"\n";
			showEnvVarsInLog = 0;
		};
		C0871EB6FC109BABD13CBB95 /* [CP] Check Pods Manifest.lock */ = {
			isa = PBXShellScriptBuildPhase;
			buildActionMask = 2147483647;
			files = (
			);
			inputFileListPaths = (
			);
			inputPaths = (
				"${PODS_PODFILE_DIR_PATH}/Podfile.lock",
				"${PODS_ROOT}/Manifest.lock",
			);
			name = "[CP] Check Pods Manifest.lock";
			outputFileListPaths = (
			);
			outputPaths = (
				"$(DERIVED_FILE_DIR)/Pods-InjirTests-checkManifestLockResult.txt",
			);
			runOnlyForDeploymentPostprocessing = 0;
			shellPath = /bin/sh;
			shellScript = "diff \"${PODS_PODFILE_DIR_PATH}/Podfile.lock\" \"${PODS_ROOT}/Manifest.lock\" > /dev/null\nif [ $? != 0 ] ; then\n    # print error to STDERR\n    echo \"error: The sandbox is not in sync with the Podfile.lock. Run 'pod install' or update your CocoaPods installation.\" >&2\n    exit 1\nfi\n# This output is used by Xcode 'outputs' to avoid re-running this script phase.\necho \"SUCCESS\" > \"${SCRIPT_OUTPUT_FILE_0}\"\n";
			showEnvVarsInLog = 0;
		};
		EC29C5373A4F6633D5CF56D5 /* [CP] Check Pods Manifest.lock */ = {
			isa = PBXShellScriptBuildPhase;
			buildActionMask = 2147483647;
			files = (
			);
			inputFileListPaths = (
			);
			inputPaths = (
				"${PODS_PODFILE_DIR_PATH}/Podfile.lock",
				"${PODS_ROOT}/Manifest.lock",
			);
			name = "[CP] Check Pods Manifest.lock";
			outputFileListPaths = (
			);
			outputPaths = (
				"$(DERIVED_FILE_DIR)/Pods-Injir-InjirUITests-checkManifestLockResult.txt",
			);
			runOnlyForDeploymentPostprocessing = 0;
			shellPath = /bin/sh;
			shellScript = "diff \"${PODS_PODFILE_DIR_PATH}/Podfile.lock\" \"${PODS_ROOT}/Manifest.lock\" > /dev/null\nif [ $? != 0 ] ; then\n    # print error to STDERR\n    echo \"error: The sandbox is not in sync with the Podfile.lock. Run 'pod install' or update your CocoaPods installation.\" >&2\n    exit 1\nfi\n# This output is used by Xcode 'outputs' to avoid re-running this script phase.\necho \"SUCCESS\" > \"${SCRIPT_OUTPUT_FILE_0}\"\n";
			showEnvVarsInLog = 0;
		};
/* End PBXShellScriptBuildPhase section */

/* Begin PBXSourcesBuildPhase section */
		1A454D3E2B5C07520057199F /* Sources */ = {
			isa = PBXSourcesBuildPhase;
			buildActionMask = 2147483647;
			files = (
				1A174CAD2B6C091F00B30D7B /* PassportDataViewController.swift in Sources */,
				1A454DE02B5FF3560057199F /* HomeViewController.swift in Sources */,
				1AAEB7E92B66572100274454 /* RegistrationViewModel.swift in Sources */,
				1AAEB7F62B69193E00274454 /* TicketsViewController.swift in Sources */,
				1AAEB7F82B69194700274454 /* NewsViewController.swift in Sources */,
				1A174CB22B6C0C8600B30D7B /* PassportDataStackView.swift in Sources */,
				1A174CCF2B7139BC00B30D7B /* TicketsViewModel.swift in Sources */,
				1A174CAF2B6C093B00B30D7B /* PassportDataView.swift in Sources */,
				1A454DDE2B5FF0E40057199F /* Observable.swift in Sources */,
				1A454DD72B5E909E0057199F /* RegistrationView.swift in Sources */,
				1A174CB42B6C0CA200B30D7B /* CustomStackView.swift in Sources */,
				1A174CC32B711C8900B30D7B /* RegitrationAndPatentDataSV.swift in Sources */,
				1A454D462B5C07520057199F /* AppDelegate.swift in Sources */,
				1A454D8E2B5C27E20057199F /* LogInView.swift in Sources */,
				1AAEB7F42B69193200274454 /* ProfileViewController.swift in Sources */,
				1A454DD22B5E8AA10057199F /* UIButton+Ext.swift in Sources */,
				1A174CBF2B71198600B30D7B /* RegistationAndPatentViewController.swift in Sources */,
				1A454D842B5C11F40057199F /* HomeView.swift in Sources */,
				1AAEB7FA2B6923EA00274454 /* UIView+Ext.swift in Sources */,
				1A174CD32B71509300B30D7B /* Ticket.swift in Sources */,
				1AAEB7E32B65205300274454 /* MainTabBarViewController.swift in Sources */,
				1A174CC82B7121E200B30D7B /* ContactDataView.swift in Sources */,
				1A174CCB2B7125D600B30D7B /* TicketsView.swift in Sources */,
				1AAEB7E52B6535C900274454 /* RegistrationVC+Alert.swift in Sources */,
				1A454DD52B5E908A0057199F /* RegistrationViewController.swift in Sources */,
				1A174CD12B7141E600B30D7B /* DirectionView.swift in Sources */,
				1A454D902B5C34B60057199F /* UITextField+Ext.swift in Sources */,
				1A454D8C2B5C233A0057199F /* LogInViewController.swift in Sources */,
				1A454D482B5C07520057199F /* SceneDelegate.swift in Sources */,
				1A454D892B5C13E40057199F /* Resources.swift in Sources */,
				1A454DDC2B5FEEE30057199F /* LanguageSelectionViewModel.swift in Sources */,
				1A174CCD2B71315700B30D7B /* TransportTypeStackView.swift in Sources */,
				1AAEB7FC2B6929B200274454 /* ProfileView.swift in Sources */,
				1AAEB7EB2B665FF700274454 /* LogInViewModel.swift in Sources */,
				1A174CC12B7119A300B30D7B /* RegistrationAndPatentView.swift in Sources */,
				1AAEB8002B6A839E00274454 /* InformationAboutUserView.swift in Sources */,
				1A174CC62B7121CB00B30D7B /* ContactDataViewController.swift in Sources */,
				1A174CAA2B6BFA8F00B30D7B /* UsersDataView.swift in Sources */,
				1AC86ECE2B73E54800A06EA2 /* UsersData.swift in Sources */,
				1AAEB8022B6A8E4000274454 /* ProfileViewController+Alert.swift in Sources */,
			);
			runOnlyForDeploymentPostprocessing = 0;
		};
		1A454D542B5C07530057199F /* Sources */ = {
			isa = PBXSourcesBuildPhase;
			buildActionMask = 2147483647;
			files = (
				1A454D5D2B5C07530057199F /* InjirTests.swift in Sources */,
			);
			runOnlyForDeploymentPostprocessing = 0;
		};
		1A454D5E2B5C07530057199F /* Sources */ = {
			isa = PBXSourcesBuildPhase;
			buildActionMask = 2147483647;
			files = (
				1A454D672B5C07530057199F /* InjirUITests.swift in Sources */,
				1A454D692B5C07530057199F /* InjirUITestsLaunchTests.swift in Sources */,
			);
			runOnlyForDeploymentPostprocessing = 0;
		};
/* End PBXSourcesBuildPhase section */

/* Begin PBXTargetDependency section */
		1A454D5A2B5C07530057199F /* PBXTargetDependency */ = {
			isa = PBXTargetDependency;
			target = 1A454D412B5C07520057199F /* Injir */;
			targetProxy = 1A454D592B5C07530057199F /* PBXContainerItemProxy */;
		};
		1A454D642B5C07530057199F /* PBXTargetDependency */ = {
			isa = PBXTargetDependency;
			target = 1A454D412B5C07520057199F /* Injir */;
			targetProxy = 1A454D632B5C07530057199F /* PBXContainerItemProxy */;
		};
/* End PBXTargetDependency section */

/* Begin PBXVariantGroup section */
		1A454D502B5C07530057199F /* LaunchScreen.storyboard */ = {
			isa = PBXVariantGroup;
			children = (
				1A454D512B5C07530057199F /* Base */,
			);
			name = LaunchScreen.storyboard;
			sourceTree = "<group>";
		};
/* End PBXVariantGroup section */

/* Begin XCBuildConfiguration section */
		1A454D6A2B5C07530057199F /* Debug */ = {
			isa = XCBuildConfiguration;
			buildSettings = {
				ALWAYS_SEARCH_USER_PATHS = NO;
				CLANG_ANALYZER_NONNULL = YES;
				CLANG_ANALYZER_NUMBER_OBJECT_CONVERSION = YES_AGGRESSIVE;
				CLANG_CXX_LANGUAGE_STANDARD = "gnu++20";
				CLANG_ENABLE_MODULES = YES;
				CLANG_ENABLE_OBJC_ARC = YES;
				CLANG_ENABLE_OBJC_WEAK = YES;
				CLANG_WARN_BLOCK_CAPTURE_AUTORELEASING = YES;
				CLANG_WARN_BOOL_CONVERSION = YES;
				CLANG_WARN_COMMA = YES;
				CLANG_WARN_CONSTANT_CONVERSION = YES;
				CLANG_WARN_DEPRECATED_OBJC_IMPLEMENTATIONS = YES;
				CLANG_WARN_DIRECT_OBJC_ISA_USAGE = YES_ERROR;
				CLANG_WARN_DOCUMENTATION_COMMENTS = YES;
				CLANG_WARN_EMPTY_BODY = YES;
				CLANG_WARN_ENUM_CONVERSION = YES;
				CLANG_WARN_INFINITE_RECURSION = YES;
				CLANG_WARN_INT_CONVERSION = YES;
				CLANG_WARN_NON_LITERAL_NULL_CONVERSION = YES;
				CLANG_WARN_OBJC_IMPLICIT_RETAIN_SELF = YES;
				CLANG_WARN_OBJC_LITERAL_CONVERSION = YES;
				CLANG_WARN_OBJC_ROOT_CLASS = YES_ERROR;
				CLANG_WARN_QUOTED_INCLUDE_IN_FRAMEWORK_HEADER = YES;
				CLANG_WARN_RANGE_LOOP_ANALYSIS = YES;
				CLANG_WARN_STRICT_PROTOTYPES = YES;
				CLANG_WARN_SUSPICIOUS_MOVE = YES;
				CLANG_WARN_UNGUARDED_AVAILABILITY = YES_AGGRESSIVE;
				CLANG_WARN_UNREACHABLE_CODE = YES;
				CLANG_WARN__DUPLICATE_METHOD_MATCH = YES;
				COPY_PHASE_STRIP = NO;
				DEBUG_INFORMATION_FORMAT = dwarf;
				ENABLE_STRICT_OBJC_MSGSEND = YES;
				ENABLE_TESTABILITY = YES;
				GCC_C_LANGUAGE_STANDARD = gnu11;
				GCC_DYNAMIC_NO_PIC = NO;
				GCC_NO_COMMON_BLOCKS = YES;
				GCC_OPTIMIZATION_LEVEL = 0;
				GCC_PREPROCESSOR_DEFINITIONS = (
					"DEBUG=1",
					"$(inherited)",
				);
				GCC_WARN_64_TO_32_BIT_CONVERSION = YES;
				GCC_WARN_ABOUT_RETURN_TYPE = YES_ERROR;
				GCC_WARN_UNDECLARED_SELECTOR = YES;
				GCC_WARN_UNINITIALIZED_AUTOS = YES_AGGRESSIVE;
				GCC_WARN_UNUSED_FUNCTION = YES;
				GCC_WARN_UNUSED_VARIABLE = YES;
				IPHONEOS_DEPLOYMENT_TARGET = 16.4;
				MTL_ENABLE_DEBUG_INFO = INCLUDE_SOURCE;
				MTL_FAST_MATH = YES;
				ONLY_ACTIVE_ARCH = YES;
				SDKROOT = iphoneos;
				SWIFT_ACTIVE_COMPILATION_CONDITIONS = DEBUG;
				SWIFT_OPTIMIZATION_LEVEL = "-Onone";
			};
			name = Debug;
		};
		1A454D6B2B5C07530057199F /* Release */ = {
			isa = XCBuildConfiguration;
			buildSettings = {
				ALWAYS_SEARCH_USER_PATHS = NO;
				CLANG_ANALYZER_NONNULL = YES;
				CLANG_ANALYZER_NUMBER_OBJECT_CONVERSION = YES_AGGRESSIVE;
				CLANG_CXX_LANGUAGE_STANDARD = "gnu++20";
				CLANG_ENABLE_MODULES = YES;
				CLANG_ENABLE_OBJC_ARC = YES;
				CLANG_ENABLE_OBJC_WEAK = YES;
				CLANG_WARN_BLOCK_CAPTURE_AUTORELEASING = YES;
				CLANG_WARN_BOOL_CONVERSION = YES;
				CLANG_WARN_COMMA = YES;
				CLANG_WARN_CONSTANT_CONVERSION = YES;
				CLANG_WARN_DEPRECATED_OBJC_IMPLEMENTATIONS = YES;
				CLANG_WARN_DIRECT_OBJC_ISA_USAGE = YES_ERROR;
				CLANG_WARN_DOCUMENTATION_COMMENTS = YES;
				CLANG_WARN_EMPTY_BODY = YES;
				CLANG_WARN_ENUM_CONVERSION = YES;
				CLANG_WARN_INFINITE_RECURSION = YES;
				CLANG_WARN_INT_CONVERSION = YES;
				CLANG_WARN_NON_LITERAL_NULL_CONVERSION = YES;
				CLANG_WARN_OBJC_IMPLICIT_RETAIN_SELF = YES;
				CLANG_WARN_OBJC_LITERAL_CONVERSION = YES;
				CLANG_WARN_OBJC_ROOT_CLASS = YES_ERROR;
				CLANG_WARN_QUOTED_INCLUDE_IN_FRAMEWORK_HEADER = YES;
				CLANG_WARN_RANGE_LOOP_ANALYSIS = YES;
				CLANG_WARN_STRICT_PROTOTYPES = YES;
				CLANG_WARN_SUSPICIOUS_MOVE = YES;
				CLANG_WARN_UNGUARDED_AVAILABILITY = YES_AGGRESSIVE;
				CLANG_WARN_UNREACHABLE_CODE = YES;
				CLANG_WARN__DUPLICATE_METHOD_MATCH = YES;
				COPY_PHASE_STRIP = NO;
				DEBUG_INFORMATION_FORMAT = "dwarf-with-dsym";
				ENABLE_NS_ASSERTIONS = NO;
				ENABLE_STRICT_OBJC_MSGSEND = YES;
				GCC_C_LANGUAGE_STANDARD = gnu11;
				GCC_NO_COMMON_BLOCKS = YES;
				GCC_WARN_64_TO_32_BIT_CONVERSION = YES;
				GCC_WARN_ABOUT_RETURN_TYPE = YES_ERROR;
				GCC_WARN_UNDECLARED_SELECTOR = YES;
				GCC_WARN_UNINITIALIZED_AUTOS = YES_AGGRESSIVE;
				GCC_WARN_UNUSED_FUNCTION = YES;
				GCC_WARN_UNUSED_VARIABLE = YES;
				IPHONEOS_DEPLOYMENT_TARGET = 16.4;
				MTL_ENABLE_DEBUG_INFO = NO;
				MTL_FAST_MATH = YES;
				SDKROOT = iphoneos;
				SWIFT_COMPILATION_MODE = wholemodule;
				SWIFT_OPTIMIZATION_LEVEL = "-O";
				VALIDATE_PRODUCT = YES;
			};
			name = Release;
		};
		1A454D6D2B5C07530057199F /* Debug */ = {
			isa = XCBuildConfiguration;
			baseConfigurationReference = 3416B8B90DC7A1C0F516A7A7 /* Pods-Injir.debug.xcconfig */;
			buildSettings = {
				ASSETCATALOG_COMPILER_APPICON_NAME = AppIcon;
				ASSETCATALOG_COMPILER_GLOBAL_ACCENT_COLOR_NAME = AccentColor;
				CODE_SIGN_STYLE = Automatic;
				CURRENT_PROJECT_VERSION = 1;
				GENERATE_INFOPLIST_FILE = YES;
				INFOPLIST_FILE = Injir/Model/Support/Info.plist;
				INFOPLIST_KEY_UIApplicationSupportsIndirectInputEvents = YES;
				INFOPLIST_KEY_UILaunchStoryboardName = LaunchScreen;
				INFOPLIST_KEY_UISupportedInterfaceOrientations_iPad = "UIInterfaceOrientationPortrait UIInterfaceOrientationPortraitUpsideDown UIInterfaceOrientationLandscapeLeft UIInterfaceOrientationLandscapeRight";
				INFOPLIST_KEY_UISupportedInterfaceOrientations_iPhone = "UIInterfaceOrientationPortrait UIInterfaceOrientationLandscapeLeft UIInterfaceOrientationLandscapeRight";
				LD_RUNPATH_SEARCH_PATHS = (
					"$(inherited)",
					"@executable_path/Frameworks",
				);
				MARKETING_VERSION = 1.0;
				PRODUCT_BUNDLE_IDENTIFIER = com.Aleksandr.Injir;
				PRODUCT_NAME = "$(TARGET_NAME)";
				SWIFT_EMIT_LOC_STRINGS = YES;
				SWIFT_VERSION = 5.0;
				TARGETED_DEVICE_FAMILY = "1,2";
			};
			name = Debug;
		};
		1A454D6E2B5C07530057199F /* Release */ = {
			isa = XCBuildConfiguration;
			baseConfigurationReference = E0DD936A08B741949A73FF6D /* Pods-Injir.release.xcconfig */;
			buildSettings = {
				ASSETCATALOG_COMPILER_APPICON_NAME = AppIcon;
				ASSETCATALOG_COMPILER_GLOBAL_ACCENT_COLOR_NAME = AccentColor;
				CODE_SIGN_STYLE = Automatic;
				CURRENT_PROJECT_VERSION = 1;
				GENERATE_INFOPLIST_FILE = YES;
				INFOPLIST_FILE = Injir/Model/Support/Info.plist;
				INFOPLIST_KEY_UIApplicationSupportsIndirectInputEvents = YES;
				INFOPLIST_KEY_UILaunchStoryboardName = LaunchScreen;
				INFOPLIST_KEY_UISupportedInterfaceOrientations_iPad = "UIInterfaceOrientationPortrait UIInterfaceOrientationPortraitUpsideDown UIInterfaceOrientationLandscapeLeft UIInterfaceOrientationLandscapeRight";
				INFOPLIST_KEY_UISupportedInterfaceOrientations_iPhone = "UIInterfaceOrientationPortrait UIInterfaceOrientationLandscapeLeft UIInterfaceOrientationLandscapeRight";
				LD_RUNPATH_SEARCH_PATHS = (
					"$(inherited)",
					"@executable_path/Frameworks",
				);
				MARKETING_VERSION = 1.0;
				PRODUCT_BUNDLE_IDENTIFIER = com.Aleksandr.Injir;
				PRODUCT_NAME = "$(TARGET_NAME)";
				SWIFT_EMIT_LOC_STRINGS = YES;
				SWIFT_VERSION = 5.0;
				TARGETED_DEVICE_FAMILY = "1,2";
			};
			name = Release;
		};
		1A454D702B5C07530057199F /* Debug */ = {
			isa = XCBuildConfiguration;
			baseConfigurationReference = 09F24023171166FF383313DF /* Pods-InjirTests.debug.xcconfig */;
			buildSettings = {
				ALWAYS_EMBED_SWIFT_STANDARD_LIBRARIES = YES;
				BUNDLE_LOADER = "$(TEST_HOST)";
				CODE_SIGN_STYLE = Automatic;
				CURRENT_PROJECT_VERSION = 1;
				GENERATE_INFOPLIST_FILE = YES;
				IPHONEOS_DEPLOYMENT_TARGET = 16.4;
				MARKETING_VERSION = 1.0;
				PRODUCT_BUNDLE_IDENTIFIER = com.Aleksandr.InjirTests;
				PRODUCT_NAME = "$(TARGET_NAME)";
				SWIFT_EMIT_LOC_STRINGS = NO;
				SWIFT_VERSION = 5.0;
				TARGETED_DEVICE_FAMILY = "1,2";
				TEST_HOST = "$(BUILT_PRODUCTS_DIR)/Injir.app/$(BUNDLE_EXECUTABLE_FOLDER_PATH)/Injir";
			};
			name = Debug;
		};
		1A454D712B5C07530057199F /* Release */ = {
			isa = XCBuildConfiguration;
			baseConfigurationReference = 94270867AAC77C254EC403EC /* Pods-InjirTests.release.xcconfig */;
			buildSettings = {
				ALWAYS_EMBED_SWIFT_STANDARD_LIBRARIES = YES;
				BUNDLE_LOADER = "$(TEST_HOST)";
				CODE_SIGN_STYLE = Automatic;
				CURRENT_PROJECT_VERSION = 1;
				GENERATE_INFOPLIST_FILE = YES;
				IPHONEOS_DEPLOYMENT_TARGET = 16.4;
				MARKETING_VERSION = 1.0;
				PRODUCT_BUNDLE_IDENTIFIER = com.Aleksandr.InjirTests;
				PRODUCT_NAME = "$(TARGET_NAME)";
				SWIFT_EMIT_LOC_STRINGS = NO;
				SWIFT_VERSION = 5.0;
				TARGETED_DEVICE_FAMILY = "1,2";
				TEST_HOST = "$(BUILT_PRODUCTS_DIR)/Injir.app/$(BUNDLE_EXECUTABLE_FOLDER_PATH)/Injir";
			};
			name = Release;
		};
		1A454D732B5C07530057199F /* Debug */ = {
			isa = XCBuildConfiguration;
			baseConfigurationReference = 5D89192ECC1AA8CDD3D609AE /* Pods-Injir-InjirUITests.debug.xcconfig */;
			buildSettings = {
				ALWAYS_EMBED_SWIFT_STANDARD_LIBRARIES = YES;
				CODE_SIGN_STYLE = Automatic;
				CURRENT_PROJECT_VERSION = 1;
				GENERATE_INFOPLIST_FILE = YES;
				MARKETING_VERSION = 1.0;
				PRODUCT_BUNDLE_IDENTIFIER = com.Aleksandr.InjirUITests;
				PRODUCT_NAME = "$(TARGET_NAME)";
				SWIFT_EMIT_LOC_STRINGS = NO;
				SWIFT_VERSION = 5.0;
				TARGETED_DEVICE_FAMILY = "1,2";
				TEST_TARGET_NAME = Injir;
			};
			name = Debug;
		};
		1A454D742B5C07530057199F /* Release */ = {
			isa = XCBuildConfiguration;
			baseConfigurationReference = 0F3917EF49E161E54E5A0803 /* Pods-Injir-InjirUITests.release.xcconfig */;
			buildSettings = {
				ALWAYS_EMBED_SWIFT_STANDARD_LIBRARIES = YES;
				CODE_SIGN_STYLE = Automatic;
				CURRENT_PROJECT_VERSION = 1;
				GENERATE_INFOPLIST_FILE = YES;
				MARKETING_VERSION = 1.0;
				PRODUCT_BUNDLE_IDENTIFIER = com.Aleksandr.InjirUITests;
				PRODUCT_NAME = "$(TARGET_NAME)";
				SWIFT_EMIT_LOC_STRINGS = NO;
				SWIFT_VERSION = 5.0;
				TARGETED_DEVICE_FAMILY = "1,2";
				TEST_TARGET_NAME = Injir;
			};
			name = Release;
		};
/* End XCBuildConfiguration section */

/* Begin XCConfigurationList section */
		1A454D3D2B5C07520057199F /* Build configuration list for PBXProject "Injir" */ = {
			isa = XCConfigurationList;
			buildConfigurations = (
				1A454D6A2B5C07530057199F /* Debug */,
				1A454D6B2B5C07530057199F /* Release */,
			);
			defaultConfigurationIsVisible = 0;
			defaultConfigurationName = Release;
		};
		1A454D6C2B5C07530057199F /* Build configuration list for PBXNativeTarget "Injir" */ = {
			isa = XCConfigurationList;
			buildConfigurations = (
				1A454D6D2B5C07530057199F /* Debug */,
				1A454D6E2B5C07530057199F /* Release */,
			);
			defaultConfigurationIsVisible = 0;
			defaultConfigurationName = Release;
		};
		1A454D6F2B5C07530057199F /* Build configuration list for PBXNativeTarget "InjirTests" */ = {
			isa = XCConfigurationList;
			buildConfigurations = (
				1A454D702B5C07530057199F /* Debug */,
				1A454D712B5C07530057199F /* Release */,
			);
			defaultConfigurationIsVisible = 0;
			defaultConfigurationName = Release;
		};
		1A454D722B5C07530057199F /* Build configuration list for PBXNativeTarget "InjirUITests" */ = {
			isa = XCConfigurationList;
			buildConfigurations = (
				1A454D732B5C07530057199F /* Debug */,
				1A454D742B5C07530057199F /* Release */,
			);
			defaultConfigurationIsVisible = 0;
			defaultConfigurationName = Release;
		};
/* End XCConfigurationList section */

/* Begin XCRemoteSwiftPackageReference section */
		1A454D852B5C137F0057199F /* XCRemoteSwiftPackageReference "SnapKit" */ = {
			isa = XCRemoteSwiftPackageReference;
			repositoryURL = "https://github.com/SnapKit/SnapKit.git";
			requirement = {
				kind = upToNextMajorVersion;
				minimumVersion = 5.0.0;
			};
		};
/* End XCRemoteSwiftPackageReference section */

/* Begin XCSwiftPackageProductDependency section */
		1A454D862B5C137F0057199F /* SnapKit */ = {
			isa = XCSwiftPackageProductDependency;
			package = 1A454D852B5C137F0057199F /* XCRemoteSwiftPackageReference "SnapKit" */;
			productName = SnapKit;
		};
/* End XCSwiftPackageProductDependency section */
	};
	rootObject = 1A454D3A2B5C07520057199F /* Project object */;
}
